
Microsoft Visual Studio Solution File, Format Version 12.00
# Visual Studio 15
VisualStudioVersion = 15.0.27130.2024
MinimumVisualStudioVersion = 10.0.40219.1
Project("{FAE04EC0-301F-11D3-BF4B-00C04F79EFBC}") = "Lab3_Granja_Cenfotec", "Lab3_Granja_Cenfotec\Lab3_Granja_Cenfotec.csproj", "{D0CACFB6-74A1-4285-B8FC-B08C62DFE5D0}"
EndProject
Project("{FAE04EC0-301F-11D3-BF4B-00C04F79EFBC}") = "AccesoDatos", "AccesoDatos\AccesoDatos.csproj", "{D6425C72-81A1-41CE-8058-0771730FB916}"
EndProject
Project("{FAE04EC0-301F-11D3-BF4B-00C04F79EFBC}") = "Entidades", "Entidades\Entidades.csproj", "{AC553BB5-CEC0-4AF9-BE7D-B5F457E4D0D9}"
EndProject
Global
	GlobalSection(SolutionConfigurationPlatforms) = preSolution
		Debug|Any CPU = Debug|Any CPU
		Release|Any CPU = Release|Any CPU
	EndGlobalSection
	GlobalSection(ProjectConfigurationPlatforms) = postSolution
		{D0CACFB6-74A1-4285-B8FC-B08C62DFE5D0}.Debug|Any CPU.ActiveCfg = Debug|Any CPU
		{D0CACFB6-74A1-4285-B8FC-B08C62DFE5D0}.Debug|Any CPU.Build.0 = Debug|Any CPU
		{D0CACFB6-74A1-4285-B8FC-B08C62DFE5D0}.Release|Any CPU.ActiveCfg = Release|Any CPU
		{D0CACFB6-74A1-4285-B8FC-B08C62DFE5D0}.Release|Any CPU.Build.0 = Release|Any CPU
		{D6425C72-81A1-41CE-8058-0771730FB916}.Debug|Any CPU.ActiveCfg = Debug|Any CPU
		{D6425C72-81A1-41CE-8058-0771730FB916}.Debug|Any CPU.Build.0 = Debug|Any CPU
		{D6425C72-81A1-41CE-8058-0771730FB916}.Release|Any CPU.ActiveCfg = Release|Any CPU
		{D6425C72-81A1-41CE-8058-0771730FB916}.Release|Any CPU.Build.0 = Release|Any CPU
		{AC553BB5-CEC0-4AF9-BE7D-B5F457E4D0D9}.Debug|Any CPU.ActiveCfg = Debug|Any CPU
		{AC553BB5-CEC0-4AF9-BE7D-B5F457E4D0D9}.Debug|Any CPU.Build.0 = Debug|Any CPU
		{AC553BB5-CEC0-4AF9-BE7D-B5F457E4D0D9}.Release|Any CPU.ActiveCfg = Release|Any CPU
		{AC553BB5-CEC0-4AF9-BE7D-B5F457E4D0D9}.Release|Any CPU.Build.0 = Release|Any CPU
	EndGlobalSection
	GlobalSection(SolutionProperties) = preSolution
		HideSolutionNode = FALSE
	EndGlobalSection
	GlobalSection(ExtensibilityGlobals) = postSolution
		SolutionGuid = {6E21283C-9AB5-45C2-B0EE-FCDA44DA0A02}
	EndGlobalSection
EndGlobal
